
Microsoft Visual Studio Solution File, Format Version 12.00
# Visual Studio Version 16
VisualStudioVersion = 16.0.31424.327
MinimumVisualStudioVersion = 10.0.40219.1
Project("{FAE04EC0-301F-11D3-BF4B-00C04F79EFBC}") = "PokemonPOO", "PokemonPOO.csproj", "{18446365-12B8-4695-A9C9-11C6CBB77D3B}"
EndProject
Global
	GlobalSection(SolutionConfigurationPlatforms) = preSolution
		Debug|Any CPU = Debug|Any CPU
		Release|Any CPU = Release|Any CPU
	EndGlobalSection
	GlobalSection(ProjectConfigurationPlatforms) = postSolution
		{18446365-12B8-4695-A9C9-11C6CBB77D3B}.Debug|Any CPU.ActiveCfg = Debug|Any CPU
		{18446365-12B8-4695-A9C9-11C6CBB77D3B}.Debug|Any CPU.Build.0 = Debug|Any CPU
		{18446365-12B8-4695-A9C9-11C6CBB77D3B}.Release|Any CPU.ActiveCfg = Release|Any CPU
		{18446365-12B8-4695-A9C9-11C6CBB77D3B}.Release|Any CPU.Build.0 = Release|Any CPU
	EndGlobalSection
	GlobalSection(SolutionProperties) = preSolution
		HideSolutionNode = FALSE
	EndGlobalSection
	GlobalSection(ExtensibilityGlobals) = postSolution
		SolutionGuid = {AED7A8AB-1502-43C4-B9E0-710F62EF3E53}
	EndGlobalSection
EndGlobal
