
Microsoft Visual Studio Solution File, Format Version 12.00
# Visual Studio Version 16
VisualStudioVersion = 16.0.31424.327
MinimumVisualStudioVersion = 10.0.40219.1
Project("{FAE04EC0-301F-11D3-BF4B-00C04F79EFBC}") = "Pokemon POO yea", "Pokemon POO yea\Pokemon POO yea.csproj", "{40343351-0825-4288-877C-803AFAF05647}"
EndProject
Global
	GlobalSection(SolutionConfigurationPlatforms) = preSolution
		Debug|Any CPU = Debug|Any CPU
		Release|Any CPU = Release|Any CPU
	EndGlobalSection
	GlobalSection(ProjectConfigurationPlatforms) = postSolution
		{40343351-0825-4288-877C-803AFAF05647}.Debug|Any CPU.ActiveCfg = Debug|Any CPU
		{40343351-0825-4288-877C-803AFAF05647}.Debug|Any CPU.Build.0 = Debug|Any CPU
		{40343351-0825-4288-877C-803AFAF05647}.Release|Any CPU.ActiveCfg = Release|Any CPU
		{40343351-0825-4288-877C-803AFAF05647}.Release|Any CPU.Build.0 = Release|Any CPU
	EndGlobalSection
	GlobalSection(SolutionProperties) = preSolution
		HideSolutionNode = FALSE
	EndGlobalSection
	GlobalSection(ExtensibilityGlobals) = postSolution
		SolutionGuid = {A80AD6D3-87C1-4918-A7A9-1A502ABD963D}
	EndGlobalSection
EndGlobal
