
Microsoft Visual Studio Solution File, Format Version 12.00
# Visual Studio Version 16
VisualStudioVersion = 16.0.31424.327
MinimumVisualStudioVersion = 10.0.40219.1
Project("{778DAE3C-4631-46EA-AA77-85C1314464D9}") = "CrearclasesUltimPOO2", "CrearclasesUltimPOO2\CrearclasesUltimPOO2.vbproj", "{96C3E112-ACC4-40C1-B7A0-15726C1CC9A1}"
EndProject
Project("{F184B08F-C81C-45F6-A57F-5ABD9991F28F}") = "Cobstructores", "Cobstructores\Cobstructores.vbproj", "{FD9FB8F2-7AB6-41ED-AD7A-34C8CBB3EC4B}"
EndProject
Global
	GlobalSection(SolutionConfigurationPlatforms) = preSolution
		Debug|Any CPU = Debug|Any CPU
		Release|Any CPU = Release|Any CPU
	EndGlobalSection
	GlobalSection(ProjectConfigurationPlatforms) = postSolution
		{96C3E112-ACC4-40C1-B7A0-15726C1CC9A1}.Debug|Any CPU.ActiveCfg = Debug|Any CPU
		{96C3E112-ACC4-40C1-B7A0-15726C1CC9A1}.Debug|Any CPU.Build.0 = Debug|Any CPU
		{96C3E112-ACC4-40C1-B7A0-15726C1CC9A1}.Release|Any CPU.ActiveCfg = Release|Any CPU
		{96C3E112-ACC4-40C1-B7A0-15726C1CC9A1}.Release|Any CPU.Build.0 = Release|Any CPU
		{FD9FB8F2-7AB6-41ED-AD7A-34C8CBB3EC4B}.Debug|Any CPU.ActiveCfg = Debug|Any CPU
		{FD9FB8F2-7AB6-41ED-AD7A-34C8CBB3EC4B}.Debug|Any CPU.Build.0 = Debug|Any CPU
		{FD9FB8F2-7AB6-41ED-AD7A-34C8CBB3EC4B}.Release|Any CPU.ActiveCfg = Release|Any CPU
		{FD9FB8F2-7AB6-41ED-AD7A-34C8CBB3EC4B}.Release|Any CPU.Build.0 = Release|Any CPU
	EndGlobalSection
	GlobalSection(SolutionProperties) = preSolution
		HideSolutionNode = FALSE
	EndGlobalSection
	GlobalSection(ExtensibilityGlobals) = postSolution
		SolutionGuid = {97A22742-7690-4A36-96F8-EFD8CBC4AFA5}
	EndGlobalSection
EndGlobal
